// !$*UTF8*$!
{
	archiveVersion = 1;
	classes = {
	};
	objectVersion = 46;
	objects = {

/* Begin PBXBuildFile section */
		3B02076F1D23B2BD009D7632 /* TabBarViewController.swift in Sources */ = {isa = PBXBuildFile; fileRef = 3B02076E1D23B2BD009D7632 /* TabBarViewController.swift */; };
		3B06E91B1D238D270007ED03 /* ProfileViewController.swift in Sources */ = {isa = PBXBuildFile; fileRef = 3B06E91A1D238D270007ED03 /* ProfileViewController.swift */; };
		3B13FB721D24957400273D78 /* TweetDetailsViewController.swift in Sources */ = {isa = PBXBuildFile; fileRef = 3B13FB711D24957400273D78 /* TweetDetailsViewController.swift */; };
		3B13FB741D24958A00273D78 /* ComposeTweetViewController.swift in Sources */ = {isa = PBXBuildFile; fileRef = 3B13FB731D24958A00273D78 /* ComposeTweetViewController.swift */; };
		3B13FB761D249D3700273D78 /* Assets.xcassets in Resources */ = {isa = PBXBuildFile; fileRef = 3B13FB751D249D3700273D78 /* Assets.xcassets */; };
		3B2FF1DF1D21CC2C007CDEAD /* LoginViewController.swift in Sources */ = {isa = PBXBuildFile; fileRef = 3B2FF1DE1D21CC2C007CDEAD /* LoginViewController.swift */; };
		3B2FF1E41D21ED3A007CDEAD /* User.swift in Sources */ = {isa = PBXBuildFile; fileRef = 3B2FF1E31D21ED3A007CDEAD /* User.swift */; };
		3B2FF1E61D21ED52007CDEAD /* Tweet.swift in Sources */ = {isa = PBXBuildFile; fileRef = 3B2FF1E51D21ED52007CDEAD /* Tweet.swift */; };
		3B2FF1E81D231483007CDEAD /* TwitterClient.swift in Sources */ = {isa = PBXBuildFile; fileRef = 3B2FF1E71D231483007CDEAD /* TwitterClient.swift */; };
		3B2FF1EA1D2324AE007CDEAD /* TweetsViewController.swift in Sources */ = {isa = PBXBuildFile; fileRef = 3B2FF1E91D2324AE007CDEAD /* TweetsViewController.swift */; };
		3B2FF1EC1D2340DE007CDEAD /* TweetTableViewCell.swift in Sources */ = {isa = PBXBuildFile; fileRef = 3B2FF1EB1D2340DE007CDEAD /* TweetTableViewCell.swift */; };
		3B4F11861D21C93A0005CF5E /* AppDelegate.swift in Sources */ = {isa = PBXBuildFile; fileRef = 3B4F11851D21C93A0005CF5E /* AppDelegate.swift */; };
		3B4F118B1D21C93A0005CF5E /* Main.storyboard in Resources */ = {isa = PBXBuildFile; fileRef = 3B4F11891D21C93A0005CF5E /* Main.storyboard */; };
		3B4F11901D21C93A0005CF5E /* LaunchScreen.storyboard in Resources */ = {isa = PBXBuildFile; fileRef = 3B4F118E1D21C93A0005CF5E /* LaunchScreen.storyboard */; };
		3B4F119B1D21C93A0005CF5E /* TwitterAppTests.swift in Sources */ = {isa = PBXBuildFile; fileRef = 3B4F119A1D21C93A0005CF5E /* TwitterAppTests.swift */; };
		3B4F11A61D21C93A0005CF5E /* TwitterAppUITests.swift in Sources */ = {isa = PBXBuildFile; fileRef = 3B4F11A51D21C93A0005CF5E /* TwitterAppUITests.swift */; };
		4422C1F6D78615CB486B40F3 /* Pods_TwitterApp.framework in Frameworks */ = {isa = PBXBuildFile; fileRef = CA4E517E9C9D81251E37D62C /* Pods_TwitterApp.framework */; };
		51B43BD6B9C1FC799D539B78 /* Pods_TwitterAppTests.framework in Frameworks */ = {isa = PBXBuildFile; fileRef = B03293B1C43D576DC6563B7D /* Pods_TwitterAppTests.framework */; };
		ED82BB8923390D475B2D13E9 /* Pods_TwitterAppUITests.framework in Frameworks */ = {isa = PBXBuildFile; fileRef = AB3DB94DD29075B2280CA0EA /* Pods_TwitterAppUITests.framework */; };
/* End PBXBuildFile section */

/* Begin PBXContainerItemProxy section */
		3B4F11971D21C93A0005CF5E /* PBXContainerItemProxy */ = {
			isa = PBXContainerItemProxy;
			containerPortal = 3B4F117A1D21C9390005CF5E /* Project object */;
			proxyType = 1;
			remoteGlobalIDString = 3B4F11811D21C9390005CF5E;
			remoteInfo = TwitterApp;
		};
		3B4F11A21D21C93A0005CF5E /* PBXContainerItemProxy */ = {
			isa = PBXContainerItemProxy;
			containerPortal = 3B4F117A1D21C9390005CF5E /* Project object */;
			proxyType = 1;
			remoteGlobalIDString = 3B4F11811D21C9390005CF5E;
			remoteInfo = TwitterApp;
		};
/* End PBXContainerItemProxy section */

/* Begin PBXFileReference section */
		35CC042AA139F9C7742C3F46 /* Pods-TwitterAppTests.release.xcconfig */ = {isa = PBXFileReference; includeInIndex = 1; lastKnownFileType = text.xcconfig; name = "Pods-TwitterAppTests.release.xcconfig"; path = "Pods/Target Support Files/Pods-TwitterAppTests/Pods-TwitterAppTests.release.xcconfig"; sourceTree = "<group>"; };
		374D34F11CC7AED887A8C01C /* Pods-TwitterAppUITests.release.xcconfig */ = {isa = PBXFileReference; includeInIndex = 1; lastKnownFileType = text.xcconfig; name = "Pods-TwitterAppUITests.release.xcconfig"; path = "Pods/Target Support Files/Pods-TwitterAppUITests/Pods-TwitterAppUITests.release.xcconfig"; sourceTree = "<group>"; };
		3B02076E1D23B2BD009D7632 /* TabBarViewController.swift */ = {isa = PBXFileReference; fileEncoding = 4; lastKnownFileType = sourcecode.swift; path = TabBarViewController.swift; sourceTree = "<group>"; };
		3B06E91A1D238D270007ED03 /* ProfileViewController.swift */ = {isa = PBXFileReference; fileEncoding = 4; lastKnownFileType = sourcecode.swift; path = ProfileViewController.swift; sourceTree = "<group>"; };
		3B13FB711D24957400273D78 /* TweetDetailsViewController.swift */ = {isa = PBXFileReference; fileEncoding = 4; lastKnownFileType = sourcecode.swift; path = TweetDetailsViewController.swift; sourceTree = "<group>"; };
		3B13FB731D24958A00273D78 /* ComposeTweetViewController.swift */ = {isa = PBXFileReference; fileEncoding = 4; lastKnownFileType = sourcecode.swift; path = ComposeTweetViewController.swift; sourceTree = "<group>"; };
		3B13FB751D249D3700273D78 /* Assets.xcassets */ = {isa = PBXFileReference; lastKnownFileType = folder.assetcatalog; path = Assets.xcassets; sourceTree = "<group>"; };
		3B2FF1DE1D21CC2C007CDEAD /* LoginViewController.swift */ = {isa = PBXFileReference; fileEncoding = 4; lastKnownFileType = sourcecode.swift; path = LoginViewController.swift; sourceTree = "<group>"; };
		3B2FF1E31D21ED3A007CDEAD /* User.swift */ = {isa = PBXFileReference; fileEncoding = 4; lastKnownFileType = sourcecode.swift; path = User.swift; sourceTree = "<group>"; };
		3B2FF1E51D21ED52007CDEAD /* Tweet.swift */ = {isa = PBXFileReference; fileEncoding = 4; lastKnownFileType = sourcecode.swift; path = Tweet.swift; sourceTree = "<group>"; };
		3B2FF1E71D231483007CDEAD /* TwitterClient.swift */ = {isa = PBXFileReference; fileEncoding = 4; lastKnownFileType = sourcecode.swift; path = TwitterClient.swift; sourceTree = "<group>"; };
		3B2FF1E91D2324AE007CDEAD /* TweetsViewController.swift */ = {isa = PBXFileReference; fileEncoding = 4; lastKnownFileType = sourcecode.swift; path = TweetsViewController.swift; sourceTree = "<group>"; };
		3B2FF1EB1D2340DE007CDEAD /* TweetTableViewCell.swift */ = {isa = PBXFileReference; fileEncoding = 4; lastKnownFileType = sourcecode.swift; path = TweetTableViewCell.swift; sourceTree = "<group>"; };
		3B4F11821D21C9390005CF5E /* TwitterApp.app */ = {isa = PBXFileReference; explicitFileType = wrapper.application; includeInIndex = 0; path = TwitterApp.app; sourceTree = BUILT_PRODUCTS_DIR; };
		3B4F11851D21C93A0005CF5E /* AppDelegate.swift */ = {isa = PBXFileReference; lastKnownFileType = sourcecode.swift; path = AppDelegate.swift; sourceTree = "<group>"; };
		3B4F118A1D21C93A0005CF5E /* Base */ = {isa = PBXFileReference; lastKnownFileType = file.storyboard; name = Base; path = Base.lproj/Main.storyboard; sourceTree = "<group>"; };
		3B4F118F1D21C93A0005CF5E /* Base */ = {isa = PBXFileReference; lastKnownFileType = file.storyboard; name = Base; path = Base.lproj/LaunchScreen.storyboard; sourceTree = "<group>"; };
		3B4F11911D21C93A0005CF5E /* Info.plist */ = {isa = PBXFileReference; lastKnownFileType = text.plist.xml; path = Info.plist; sourceTree = "<group>"; };
		3B4F11961D21C93A0005CF5E /* TwitterAppTests.xctest */ = {isa = PBXFileReference; explicitFileType = wrapper.cfbundle; includeInIndex = 0; path = TwitterAppTests.xctest; sourceTree = BUILT_PRODUCTS_DIR; };
		3B4F119A1D21C93A0005CF5E /* TwitterAppTests.swift */ = {isa = PBXFileReference; lastKnownFileType = sourcecode.swift; path = TwitterAppTests.swift; sourceTree = "<group>"; };
		3B4F119C1D21C93A0005CF5E /* Info.plist */ = {isa = PBXFileReference; lastKnownFileType = text.plist.xml; path = Info.plist; sourceTree = "<group>"; };
		3B4F11A11D21C93A0005CF5E /* TwitterAppUITests.xctest */ = {isa = PBXFileReference; explicitFileType = wrapper.cfbundle; includeInIndex = 0; path = TwitterAppUITests.xctest; sourceTree = BUILT_PRODUCTS_DIR; };
		3B4F11A51D21C93A0005CF5E /* TwitterAppUITests.swift */ = {isa = PBXFileReference; lastKnownFileType = sourcecode.swift; path = TwitterAppUITests.swift; sourceTree = "<group>"; };
		3B4F11A71D21C93A0005CF5E /* Info.plist */ = {isa = PBXFileReference; lastKnownFileType = text.plist.xml; path = Info.plist; sourceTree = "<group>"; };
		53B0299042F3922F3DD0A611 /* Pods-TwitterAppTests.debug.xcconfig */ = {isa = PBXFileReference; includeInIndex = 1; lastKnownFileType = text.xcconfig; name = "Pods-TwitterAppTests.debug.xcconfig"; path = "Pods/Target Support Files/Pods-TwitterAppTests/Pods-TwitterAppTests.debug.xcconfig"; sourceTree = "<group>"; };
		AB3DB94DD29075B2280CA0EA /* Pods_TwitterAppUITests.framework */ = {isa = PBXFileReference; explicitFileType = wrapper.framework; includeInIndex = 0; path = Pods_TwitterAppUITests.framework; sourceTree = BUILT_PRODUCTS_DIR; };
		B03293B1C43D576DC6563B7D /* Pods_TwitterAppTests.framework */ = {isa = PBXFileReference; explicitFileType = wrapper.framework; includeInIndex = 0; path = Pods_TwitterAppTests.framework; sourceTree = BUILT_PRODUCTS_DIR; };
		C24672471A79F946C6B71C22 /* Pods-TwitterApp.release.xcconfig */ = {isa = PBXFileReference; includeInIndex = 1; lastKnownFileType = text.xcconfig; name = "Pods-TwitterApp.release.xcconfig"; path = "Pods/Target Support Files/Pods-TwitterApp/Pods-TwitterApp.release.xcconfig"; sourceTree = "<group>"; };
		CA4E517E9C9D81251E37D62C /* Pods_TwitterApp.framework */ = {isa = PBXFileReference; explicitFileType = wrapper.framework; includeInIndex = 0; path = Pods_TwitterApp.framework; sourceTree = BUILT_PRODUCTS_DIR; };
		CE2F5AD82A75582F464F1E1B /* Pods-TwitterApp.debug.xcconfig */ = {isa = PBXFileReference; includeInIndex = 1; lastKnownFileType = text.xcconfig; name = "Pods-TwitterApp.debug.xcconfig"; path = "Pods/Target Support Files/Pods-TwitterApp/Pods-TwitterApp.debug.xcconfig"; sourceTree = "<group>"; };
		DFE4C22387E5F0DD490B2D9C /* Pods-TwitterAppUITests.debug.xcconfig */ = {isa = PBXFileReference; includeInIndex = 1; lastKnownFileType = text.xcconfig; name = "Pods-TwitterAppUITests.debug.xcconfig"; path = "Pods/Target Support Files/Pods-TwitterAppUITests/Pods-TwitterAppUITests.debug.xcconfig"; sourceTree = "<group>"; };
/* End PBXFileReference section */

/* Begin PBXFrameworksBuildPhase section */
		3B4F117F1D21C9390005CF5E /* Frameworks */ = {
			isa = PBXFrameworksBuildPhase;
			buildActionMask = 2147483647;
			files = (
				4422C1F6D78615CB486B40F3 /* Pods_TwitterApp.framework in Frameworks */,
			);
			runOnlyForDeploymentPostprocessing = 0;
		};
		3B4F11931D21C93A0005CF5E /* Frameworks */ = {
			isa = PBXFrameworksBuildPhase;
			buildActionMask = 2147483647;
			files = (
				51B43BD6B9C1FC799D539B78 /* Pods_TwitterAppTests.framework in Frameworks */,
			);
			runOnlyForDeploymentPostprocessing = 0;
		};
		3B4F119E1D21C93A0005CF5E /* Frameworks */ = {
			isa = PBXFrameworksBuildPhase;
			buildActionMask = 2147483647;
			files = (
				ED82BB8923390D475B2D13E9 /* Pods_TwitterAppUITests.framework in Frameworks */,
			);
			runOnlyForDeploymentPostprocessing = 0;
		};
/* End PBXFrameworksBuildPhase section */

/* Begin PBXGroup section */
		077726D5F219B0822498C6C5 /* Frameworks */ = {
			isa = PBXGroup;
			children = (
				CA4E517E9C9D81251E37D62C /* Pods_TwitterApp.framework */,
				B03293B1C43D576DC6563B7D /* Pods_TwitterAppTests.framework */,
				AB3DB94DD29075B2280CA0EA /* Pods_TwitterAppUITests.framework */,
			);
			name = Frameworks;
			sourceTree = "<group>";
		};
		3B2FF1E01D21CC32007CDEAD /* ViewControllers */ = {
			isa = PBXGroup;
			children = (
				3B2FF1DE1D21CC2C007CDEAD /* LoginViewController.swift */,
				3B2FF1E91D2324AE007CDEAD /* TweetsViewController.swift */,
				3B06E91A1D238D270007ED03 /* ProfileViewController.swift */,
				3B02076E1D23B2BD009D7632 /* TabBarViewController.swift */,
				3B13FB711D24957400273D78 /* TweetDetailsViewController.swift */,
				3B13FB731D24958A00273D78 /* ComposeTweetViewController.swift */,
			);
			name = ViewControllers;
			sourceTree = "<group>";
		};
		3B2FF1E11D21ECF1007CDEAD /* Models */ = {
			isa = PBXGroup;
			children = (
				3B2FF1E31D21ED3A007CDEAD /* User.swift */,
				3B2FF1E51D21ED52007CDEAD /* Tweet.swift */,
			);
			name = Models;
			sourceTree = "<group>";
		};
		3B2FF1E21D21ED0C007CDEAD /* API */ = {
			isa = PBXGroup;
			children = (
				3B2FF1E71D231483007CDEAD /* TwitterClient.swift */,
			);
			name = API;
			sourceTree = "<group>";
		};
		3B4F11791D21C9390005CF5E = {
			isa = PBXGroup;
			children = (
				3B4F11841D21C93A0005CF5E /* TwitterApp */,
				3B4F11991D21C93A0005CF5E /* TwitterAppTests */,
				3B4F11A41D21C93A0005CF5E /* TwitterAppUITests */,
				3B4F11831D21C9390005CF5E /* Products */,
				77483201F5AA442F57E9126F /* Pods */,
				077726D5F219B0822498C6C5 /* Frameworks */,
			);
			sourceTree = "<group>";
		};
		3B4F11831D21C9390005CF5E /* Products */ = {
			isa = PBXGroup;
			children = (
				3B4F11821D21C9390005CF5E /* TwitterApp.app */,
				3B4F11961D21C93A0005CF5E /* TwitterAppTests.xctest */,
				3B4F11A11D21C93A0005CF5E /* TwitterAppUITests.xctest */,
			);
			name = Products;
			sourceTree = "<group>";
		};
		3B4F11841D21C93A0005CF5E /* TwitterApp */ = {
			isa = PBXGroup;
			children = (
				3B2FF1E21D21ED0C007CDEAD /* API */,
				3B2FF1E11D21ECF1007CDEAD /* Models */,
				3B2FF1E01D21CC32007CDEAD /* ViewControllers */,
				3B4F11851D21C93A0005CF5E /* AppDelegate.swift */,
				3B2FF1EB1D2340DE007CDEAD /* TweetTableViewCell.swift */,
				3B4F11891D21C93A0005CF5E /* Main.storyboard */,
				3B4F118E1D21C93A0005CF5E /* LaunchScreen.storyboard */,
				3B13FB751D249D3700273D78 /* Assets.xcassets */,
				3B4F11911D21C93A0005CF5E /* Info.plist */,
			);
			path = TwitterApp;
			sourceTree = "<group>";
		};
		3B4F11991D21C93A0005CF5E /* TwitterAppTests */ = {
			isa = PBXGroup;
			children = (
				3B4F119A1D21C93A0005CF5E /* TwitterAppTests.swift */,
				3B4F119C1D21C93A0005CF5E /* Info.plist */,
			);
			path = TwitterAppTests;
			sourceTree = "<group>";
		};
		3B4F11A41D21C93A0005CF5E /* TwitterAppUITests */ = {
			isa = PBXGroup;
			children = (
				3B4F11A51D21C93A0005CF5E /* TwitterAppUITests.swift */,
				3B4F11A71D21C93A0005CF5E /* Info.plist */,
			);
			path = TwitterAppUITests;
			sourceTree = "<group>";
		};
		77483201F5AA442F57E9126F /* Pods */ = {
			isa = PBXGroup;
			children = (
				CE2F5AD82A75582F464F1E1B /* Pods-TwitterApp.debug.xcconfig */,
				C24672471A79F946C6B71C22 /* Pods-TwitterApp.release.xcconfig */,
				53B0299042F3922F3DD0A611 /* Pods-TwitterAppTests.debug.xcconfig */,
				35CC042AA139F9C7742C3F46 /* Pods-TwitterAppTests.release.xcconfig */,
				DFE4C22387E5F0DD490B2D9C /* Pods-TwitterAppUITests.debug.xcconfig */,
				374D34F11CC7AED887A8C01C /* Pods-TwitterAppUITests.release.xcconfig */,
			);
			name = Pods;
			sourceTree = "<group>";
		};
/* End PBXGroup section */

/* Begin PBXNativeTarget section */
		3B4F11811D21C9390005CF5E /* TwitterApp */ = {
			isa = PBXNativeTarget;
			buildConfigurationList = 3B4F11AA1D21C93A0005CF5E /* Build configuration list for PBXNativeTarget "TwitterApp" */;
			buildPhases = (
				E6775E75918C6EC5731C1C17 /* [CP] Check Pods Manifest.lock */,
				3B4F117E1D21C9390005CF5E /* Sources */,
				3B4F117F1D21C9390005CF5E /* Frameworks */,
				3B4F11801D21C9390005CF5E /* Resources */,
				40EE3578B220C57DFE924DF4 /* [CP] Embed Pods Frameworks */,
				3EA68AFD075464C15B221710 /* [CP] Copy Pods Resources */,
			);
			buildRules = (
			);
			dependencies = (
			);
			name = TwitterApp;
			productName = TwitterApp;
			productReference = 3B4F11821D21C9390005CF5E /* TwitterApp.app */;
			productType = "com.apple.product-type.application";
		};
		3B4F11951D21C93A0005CF5E /* TwitterAppTests */ = {
			isa = PBXNativeTarget;
			buildConfigurationList = 3B4F11AD1D21C93A0005CF5E /* Build configuration list for PBXNativeTarget "TwitterAppTests" */;
			buildPhases = (
				B70F540DA26836416A367391 /* [CP] Check Pods Manifest.lock */,
				3B4F11921D21C93A0005CF5E /* Sources */,
				3B4F11931D21C93A0005CF5E /* Frameworks */,
				3B4F11941D21C93A0005CF5E /* Resources */,
				CDADE30A925F84D272F6FD4D /* [CP] Embed Pods Frameworks */,
				107B2F9D90134661160D15CE /* [CP] Copy Pods Resources */,
			);
			buildRules = (
			);
			dependencies = (
				3B4F11981D21C93A0005CF5E /* PBXTargetDependency */,
			);
			name = TwitterAppTests;
			productName = TwitterAppTests;
			productReference = 3B4F11961D21C93A0005CF5E /* TwitterAppTests.xctest */;
			productType = "com.apple.product-type.bundle.unit-test";
		};
		3B4F11A01D21C93A0005CF5E /* TwitterAppUITests */ = {
			isa = PBXNativeTarget;
			buildConfigurationList = 3B4F11B01D21C93A0005CF5E /* Build configuration list for PBXNativeTarget "TwitterAppUITests" */;
			buildPhases = (
				F189D3D779EBCDF7C41AB00A /* [CP] Check Pods Manifest.lock */,
				3B4F119D1D21C93A0005CF5E /* Sources */,
				3B4F119E1D21C93A0005CF5E /* Frameworks */,
				3B4F119F1D21C93A0005CF5E /* Resources */,
				FC8E3D110F5296AE94B4F699 /* [CP] Copy Pods Resources */,
			);
			buildRules = (
			);
			dependencies = (
				3B4F11A31D21C93A0005CF5E /* PBXTargetDependency */,
			);
			name = TwitterAppUITests;
			productName = TwitterAppUITests;
			productReference = 3B4F11A11D21C93A0005CF5E /* TwitterAppUITests.xctest */;
			productType = "com.apple.product-type.bundle.ui-testing";
		};
/* End PBXNativeTarget section */

/* Begin PBXProject section */
		3B4F117A1D21C9390005CF5E /* Project object */ = {
			isa = PBXProject;
			attributes = {
				LastSwiftUpdateCheck = 0730;
				LastUpgradeCheck = 0730;
				ORGANIZATIONNAME = "Stephanie Angulo";
				TargetAttributes = {
					3B4F11811D21C9390005CF5E = {
						CreatedOnToolsVersion = 7.3.1;
					};
					3B4F11951D21C93A0005CF5E = {
						CreatedOnToolsVersion = 7.3.1;
						TestTargetID = 3B4F11811D21C9390005CF5E;
					};
					3B4F11A01D21C93A0005CF5E = {
						CreatedOnToolsVersion = 7.3.1;
						TestTargetID = 3B4F11811D21C9390005CF5E;
					};
				};
			};
			buildConfigurationList = 3B4F117D1D21C9390005CF5E /* Build configuration list for PBXProject "TwitterApp" */;
			compatibilityVersion = "Xcode 3.2";
			developmentRegion = English;
			hasScannedForEncodings = 0;
			knownRegions = (
				en,
				Base,
			);
			mainGroup = 3B4F11791D21C9390005CF5E;
			productRefGroup = 3B4F11831D21C9390005CF5E /* Products */;
			projectDirPath = "";
			projectRoot = "";
			targets = (
				3B4F11811D21C9390005CF5E /* TwitterApp */,
				3B4F11951D21C93A0005CF5E /* TwitterAppTests */,
				3B4F11A01D21C93A0005CF5E /* TwitterAppUITests */,
			);
		};
/* End PBXProject section */

/* Begin PBXResourcesBuildPhase section */
		3B4F11801D21C9390005CF5E /* Resources */ = {
			isa = PBXResourcesBuildPhase;
			buildActionMask = 2147483647;
			files = (
				3B4F11901D21C93A0005CF5E /* LaunchScreen.storyboard in Resources */,
				3B13FB761D249D3700273D78 /* Assets.xcassets in Resources */,
				3B4F118B1D21C93A0005CF5E /* Main.storyboard in Resources */,
			);
			runOnlyForDeploymentPostprocessing = 0;
		};
		3B4F11941D21C93A0005CF5E /* Resources */ = {
			isa = PBXResourcesBuildPhase;
			buildActionMask = 2147483647;
			files = (
			);
			runOnlyForDeploymentPostprocessing = 0;
		};
		3B4F119F1D21C93A0005CF5E /* Resources */ = {
			isa = PBXResourcesBuildPhase;
			buildActionMask = 2147483647;
			files = (
			);
			runOnlyForDeploymentPostprocessing = 0;
		};
/* End PBXResourcesBuildPhase section */

/* Begin PBXShellScriptBuildPhase section */
		107B2F9D90134661160D15CE /* [CP] Copy Pods Resources */ = {
			isa = PBXShellScriptBuildPhase;
			buildActionMask = 2147483647;
			files = (
			);
			inputPaths = (
			);
			name = "[CP] Copy Pods Resources";
			outputPaths = (
			);
			runOnlyForDeploymentPostprocessing = 0;
			shellPath = /bin/sh;
			shellScript = "\"${SRCROOT}/Pods/Target Support Files/Pods-TwitterAppTests/Pods-TwitterAppTests-resources.sh\"\n";
			showEnvVarsInLog = 0;
		};
		3EA68AFD075464C15B221710 /* [CP] Copy Pods Resources */ = {
			isa = PBXShellScriptBuildPhase;
			buildActionMask = 2147483647;
			files = (
			);
			inputPaths = (
			);
			name = "[CP] Copy Pods Resources";
			outputPaths = (
			);
			runOnlyForDeploymentPostprocessing = 0;
			shellPath = /bin/sh;
			shellScript = "\"${SRCROOT}/Pods/Target Support Files/Pods-TwitterApp/Pods-TwitterApp-resources.sh\"\n";
			showEnvVarsInLog = 0;
		};
		40EE3578B220C57DFE924DF4 /* [CP] Embed Pods Frameworks */ = {
			isa = PBXShellScriptBuildPhase;
			buildActionMask = 2147483647;
			files = (
			);
			inputPaths = (
			);
			name = "[CP] Embed Pods Frameworks";
			outputPaths = (
			);
			runOnlyForDeploymentPostprocessing = 0;
			shellPath = /bin/sh;
			shellScript = "\"${SRCROOT}/Pods/Target Support Files/Pods-TwitterApp/Pods-TwitterApp-frameworks.sh\"\n";
			showEnvVarsInLog = 0;
		};
		B70F540DA26836416A367391 /* [CP] Check Pods Manifest.lock */ = {
			isa = PBXShellScriptBuildPhase;
			buildActionMask = 2147483647;
			files = (
			);
			inputPaths = (
			);
			name = "[CP] Check Pods Manifest.lock";
			outputPaths = (
			);
			runOnlyForDeploymentPostprocessing = 0;
			shellPath = /bin/sh;
			shellScript = "diff \"${PODS_ROOT}/../Podfile.lock\" \"${PODS_ROOT}/Manifest.lock\" > /dev/null\nif [[ $? != 0 ]] ; then\n    cat << EOM\nerror: The sandbox is not in sync with the Podfile.lock. Run 'pod install' or update your CocoaPods installation.\nEOM\n    exit 1\nfi\n";
			showEnvVarsInLog = 0;
		};
		CDADE30A925F84D272F6FD4D /* [CP] Embed Pods Frameworks */ = {
			isa = PBXShellScriptBuildPhase;
			buildActionMask = 2147483647;
			files = (
			);
			inputPaths = (
			);
			name = "[CP] Embed Pods Frameworks";
			outputPaths = (
			);
			runOnlyForDeploymentPostprocessing = 0;
			shellPath = /bin/sh;
			shellScript = "\"${SRCROOT}/Pods/Target Support Files/Pods-TwitterAppTests/Pods-TwitterAppTests-frameworks.sh\"\n";
			showEnvVarsInLog = 0;
		};
		E6775E75918C6EC5731C1C17 /* [CP] Check Pods Manifest.lock */ = {
			isa = PBXShellScriptBuildPhase;
			buildActionMask = 2147483647;
			files = (
			);
			inputPaths = (
			);
			name = "[CP] Check Pods Manifest.lock";
			outputPaths = (
			);
			runOnlyForDeploymentPostprocessing = 0;
			shellPath = /bin/sh;
			shellScript = "diff \"${PODS_ROOT}/../Podfile.lock\" \"${PODS_ROOT}/Manifest.lock\" > /dev/null\nif [[ $? != 0 ]] ; then\n    cat << EOM\nerror: The sandbox is not in sync with the Podfile.lock. Run 'pod install' or update your CocoaPods installation.\nEOM\n    exit 1\nfi\n";
			showEnvVarsInLog = 0;
		};
		F189D3D779EBCDF7C41AB00A /* [CP] Check Pods Manifest.lock */ = {
			isa = PBXShellScriptBuildPhase;
			buildActionMask = 2147483647;
			files = (
			);
			inputPaths = (
			);
			name = "[CP] Check Pods Manifest.lock";
			outputPaths = (
			);
			runOnlyForDeploymentPostprocessing = 0;
			shellPath = /bin/sh;
			shellScript = "diff \"${PODS_ROOT}/../Podfile.lock\" \"${PODS_ROOT}/Manifest.lock\" > /dev/null\nif [[ $? != 0 ]] ; then\n    cat << EOM\nerror: The sandbox is not in sync with the Podfile.lock. Run 'pod install' or update your CocoaPods installation.\nEOM\n    exit 1\nfi\n";
			showEnvVarsInLog = 0;
		};
		FC8E3D110F5296AE94B4F699 /* [CP] Copy Pods Resources */ = {
			isa = PBXShellScriptBuildPhase;
			buildActionMask = 2147483647;
			files = (
			);
			inputPaths = (
			);
			name = "[CP] Copy Pods Resources";
			outputPaths = (
			);
			runOnlyForDeploymentPostprocessing = 0;
			shellPath = /bin/sh;
			shellScript = "\"${SRCROOT}/Pods/Target Support Files/Pods-TwitterAppUITests/Pods-TwitterAppUITests-resources.sh\"\n";
			showEnvVarsInLog = 0;
		};
/* End PBXShellScriptBuildPhase section */

/* Begin PBXSourcesBuildPhase section */
		3B4F117E1D21C9390005CF5E /* Sources */ = {
			isa = PBXSourcesBuildPhase;
			buildActionMask = 2147483647;
			files = (
				3B2FF1E41D21ED3A007CDEAD /* User.swift in Sources */,
				3B2FF1E61D21ED52007CDEAD /* Tweet.swift in Sources */,
				3B13FB721D24957400273D78 /* TweetDetailsViewController.swift in Sources */,
				3B2FF1EA1D2324AE007CDEAD /* TweetsViewController.swift in Sources */,
				3B2FF1DF1D21CC2C007CDEAD /* LoginViewController.swift in Sources */,
				3B02076F1D23B2BD009D7632 /* TabBarViewController.swift in Sources */,
				3B2FF1E81D231483007CDEAD /* TwitterClient.swift in Sources */,
				3B4F11861D21C93A0005CF5E /* AppDelegate.swift in Sources */,
				3B06E91B1D238D270007ED03 /* ProfileViewController.swift in Sources */,
				3B13FB741D24958A00273D78 /* ComposeTweetViewController.swift in Sources */,
				3B2FF1EC1D2340DE007CDEAD /* TweetTableViewCell.swift in Sources */,
			);
			runOnlyForDeploymentPostprocessing = 0;
		};
		3B4F11921D21C93A0005CF5E /* Sources */ = {
			isa = PBXSourcesBuildPhase;
			buildActionMask = 2147483647;
			files = (
				3B4F119B1D21C93A0005CF5E /* TwitterAppTests.swift in Sources */,
			);
			runOnlyForDeploymentPostprocessing = 0;
		};
		3B4F119D1D21C93A0005CF5E /* Sources */ = {
			isa = PBXSourcesBuildPhase;
			buildActionMask = 2147483647;
			files = (
				3B4F11A61D21C93A0005CF5E /* TwitterAppUITests.swift in Sources */,
			);
			runOnlyForDeploymentPostprocessing = 0;
		};
/* End PBXSourcesBuildPhase section */

/* Begin PBXTargetDependency section */
		3B4F11981D21C93A0005CF5E /* PBXTargetDependency */ = {
			isa = PBXTargetDependency;
			target = 3B4F11811D21C9390005CF5E /* TwitterApp */;
			targetProxy = 3B4F11971D21C93A0005CF5E /* PBXContainerItemProxy */;
		};
		3B4F11A31D21C93A0005CF5E /* PBXTargetDependency */ = {
			isa = PBXTargetDependency;
			target = 3B4F11811D21C9390005CF5E /* TwitterApp */;
			targetProxy = 3B4F11A21D21C93A0005CF5E /* PBXContainerItemProxy */;
		};
/* End PBXTargetDependency section */

/* Begin PBXVariantGroup section */
		3B4F11891D21C93A0005CF5E /* Main.storyboard */ = {
			isa = PBXVariantGroup;
			children = (
				3B4F118A1D21C93A0005CF5E /* Base */,
			);
			name = Main.storyboard;
			sourceTree = "<group>";
		};
		3B4F118E1D21C93A0005CF5E /* LaunchScreen.storyboard */ = {
			isa = PBXVariantGroup;
			children = (
				3B4F118F1D21C93A0005CF5E /* Base */,
			);
			name = LaunchScreen.storyboard;
			sourceTree = "<group>";
		};
/* End PBXVariantGroup section */

/* Begin XCBuildConfiguration section */
		3B4F11A81D21C93A0005CF5E /* Debug */ = {
			isa = XCBuildConfiguration;
			buildSettings = {
				ALWAYS_SEARCH_USER_PATHS = NO;
				CLANG_ANALYZER_NONNULL = YES;
				CLANG_CXX_LANGUAGE_STANDARD = "gnu++0x";
				CLANG_CXX_LIBRARY = "libc++";
				CLANG_ENABLE_MODULES = YES;
				CLANG_ENABLE_OBJC_ARC = YES;
				CLANG_WARN_BOOL_CONVERSION = YES;
				CLANG_WARN_CONSTANT_CONVERSION = YES;
				CLANG_WARN_DIRECT_OBJC_ISA_USAGE = YES_ERROR;
				CLANG_WARN_EMPTY_BODY = YES;
				CLANG_WARN_ENUM_CONVERSION = YES;
				CLANG_WARN_INT_CONVERSION = YES;
				CLANG_WARN_OBJC_ROOT_CLASS = YES_ERROR;
				CLANG_WARN_UNREACHABLE_CODE = YES;
				CLANG_WARN__DUPLICATE_METHOD_MATCH = YES;
				"CODE_SIGN_IDENTITY[sdk=iphoneos*]" = "iPhone Developer";
				COPY_PHASE_STRIP = NO;
				DEBUG_INFORMATION_FORMAT = dwarf;
				ENABLE_STRICT_OBJC_MSGSEND = YES;
				ENABLE_TESTABILITY = YES;
				GCC_C_LANGUAGE_STANDARD = gnu99;
				GCC_DYNAMIC_NO_PIC = NO;
				GCC_NO_COMMON_BLOCKS = YES;
				GCC_OPTIMIZATION_LEVEL = 0;
				GCC_PREPROCESSOR_DEFINITIONS = (
					"DEBUG=1",
					"$(inherited)",
				);
				GCC_WARN_64_TO_32_BIT_CONVERSION = YES;
				GCC_WARN_ABOUT_RETURN_TYPE = YES_ERROR;
				GCC_WARN_UNDECLARED_SELECTOR = YES;
				GCC_WARN_UNINITIALIZED_AUTOS = YES_AGGRESSIVE;
				GCC_WARN_UNUSED_FUNCTION = YES;
				GCC_WARN_UNUSED_VARIABLE = YES;
				IPHONEOS_DEPLOYMENT_TARGET = 9.3;
				MTL_ENABLE_DEBUG_INFO = YES;
				ONLY_ACTIVE_ARCH = YES;
				SDKROOT = iphoneos;
				SWIFT_OPTIMIZATION_LEVEL = "-Onone";
			};
			name = Debug;
		};
		3B4F11A91D21C93A0005CF5E /* Release */ = {
			isa = XCBuildConfiguration;
			buildSettings = {
				ALWAYS_SEARCH_USER_PATHS = NO;
				CLANG_ANALYZER_NONNULL = YES;
				CLANG_CXX_LANGUAGE_STANDARD = "gnu++0x";
				CLANG_CXX_LIBRARY = "libc++";
				CLANG_ENABLE_MODULES = YES;
				CLANG_ENABLE_OBJC_ARC = YES;
				CLANG_WARN_BOOL_CONVERSION = YES;
				CLANG_WARN_CONSTANT_CONVERSION = YES;
				CLANG_WARN_DIRECT_OBJC_ISA_USAGE = YES_ERROR;
				CLANG_WARN_EMPTY_BODY = YES;
				CLANG_WARN_ENUM_CONVERSION = YES;
				CLANG_WARN_INT_CONVERSION = YES;
				CLANG_WARN_OBJC_ROOT_CLASS = YES_ERROR;
				CLANG_WARN_UNREACHABLE_CODE = YES;
				CLANG_WARN__DUPLICATE_METHOD_MATCH = YES;
				"CODE_SIGN_IDENTITY[sdk=iphoneos*]" = "iPhone Developer";
				COPY_PHASE_STRIP = NO;
				DEBUG_INFORMATION_FORMAT = "dwarf-with-dsym";
				ENABLE_NS_ASSERTIONS = NO;
				ENABLE_STRICT_OBJC_MSGSEND = YES;
				GCC_C_LANGUAGE_STANDARD = gnu99;
				GCC_NO_COMMON_BLOCKS = YES;
				GCC_WARN_64_TO_32_BIT_CONVERSION = YES;
				GCC_WARN_ABOUT_RETURN_TYPE = YES_ERROR;
				GCC_WARN_UNDECLARED_SELECTOR = YES;
				GCC_WARN_UNINITIALIZED_AUTOS = YES_AGGRESSIVE;
				GCC_WARN_UNUSED_FUNCTION = YES;
				GCC_WARN_UNUSED_VARIABLE = YES;
				IPHONEOS_DEPLOYMENT_TARGET = 9.3;
				MTL_ENABLE_DEBUG_INFO = NO;
				SDKROOT = iphoneos;
				VALIDATE_PRODUCT = YES;
			};
			name = Release;
		};
		3B4F11AB1D21C93A0005CF5E /* Debug */ = {
			isa = XCBuildConfiguration;
			baseConfigurationReference = CE2F5AD82A75582F464F1E1B /* Pods-TwitterApp.debug.xcconfig */;
			buildSettings = {
				ASSETCATALOG_COMPILER_APPICON_NAME = AppIcon;
				INFOPLIST_FILE = TwitterApp/Info.plist;
				LD_RUNPATH_SEARCH_PATHS = "$(inherited) @executable_path/Frameworks";
				PRODUCT_BUNDLE_IDENTIFIER = com.codePath.TwitterApp;
				PRODUCT_NAME = "$(TARGET_NAME)";
			};
			name = Debug;
		};
		3B4F11AC1D21C93A0005CF5E /* Release */ = {
			isa = XCBuildConfiguration;
			baseConfigurationReference = C24672471A79F946C6B71C22 /* Pods-TwitterApp.release.xcconfig */;
			buildSettings = {
				ASSETCATALOG_COMPILER_APPICON_NAME = AppIcon;
				INFOPLIST_FILE = TwitterApp/Info.plist;
				LD_RUNPATH_SEARCH_PATHS = "$(inherited) @executable_path/Frameworks";
				PRODUCT_BUNDLE_IDENTIFIER = com.codePath.TwitterApp;
				PRODUCT_NAME = "$(TARGET_NAME)";
			};
			name = Release;
		};
		3B4F11AE1D21C93A0005CF5E /* Debug */ = {
			isa = XCBuildConfiguration;
			baseConfigurationReference = 53B0299042F3922F3DD0A611 /* Pods-TwitterAppTests.debug.xcconfig */;
			buildSettings = {
				BUNDLE_LOADER = "$(TEST_HOST)";
				INFOPLIST_FILE = TwitterAppTests/Info.plist;
				LD_RUNPATH_SEARCH_PATHS = "$(inherited) @executable_path/Frameworks @loader_path/Frameworks";
				PRODUCT_BUNDLE_IDENTIFIER = com.codePath.TwitterAppTests;
				PRODUCT_NAME = "$(TARGET_NAME)";
				TEST_HOST = "$(BUILT_PRODUCTS_DIR)/TwitterApp.app/TwitterApp";
			};
			name = Debug;
		};
		3B4F11AF1D21C93A0005CF5E /* Release */ = {
			isa = XCBuildConfiguration;
			baseConfigurationReference = 35CC042AA139F9C7742C3F46 /* Pods-TwitterAppTests.release.xcconfig */;
			buildSettings = {
				BUNDLE_LOADER = "$(TEST_HOST)";
				INFOPLIST_FILE = TwitterAppTests/Info.plist;
				LD_RUNPATH_SEARCH_PATHS = "$(inherited) @executable_path/Frameworks @loader_path/Frameworks";
				PRODUCT_BUNDLE_IDENTIFIER = com.codePath.TwitterAppTests;
				PRODUCT_NAME = "$(TARGET_NAME)";
				TEST_HOST = "$(BUILT_PRODUCTS_DIR)/TwitterApp.app/TwitterApp";
			};
			name = Release;
		};
		3B4F11B11D21C93A0005CF5E /* Debug */ = {
			isa = XCBuildConfiguration;
			baseConfigurationReference = DFE4C22387E5F0DD490B2D9C /* Pods-TwitterAppUITests.debug.xcconfig */;
			buildSettings = {
				INFOPLIST_FILE = TwitterAppUITests/Info.plist;
				LD_RUNPATH_SEARCH_PATHS = "$(inherited) @executable_path/Frameworks @loader_path/Frameworks";
				PRODUCT_BUNDLE_IDENTIFIER = com.codePath.TwitterAppUITests;
				PRODUCT_NAME = "$(TARGET_NAME)";
				TEST_TARGET_NAME = TwitterApp;
			};
			name = Debug;
		};
		3B4F11B21D21C93A0005CF5E /* Release */ = {
			isa = XCBuildConfiguration;
			baseConfigurationReference = 374D34F11CC7AED887A8C01C /* Pods-TwitterAppUITests.release.xcconfig */;
			buildSettings = {
				INFOPLIST_FILE = TwitterAppUITests/Info.plist;
				LD_RUNPATH_SEARCH_PATHS = "$(inherited) @executable_path/Frameworks @loader_path/Frameworks";
				PRODUCT_BUNDLE_IDENTIFIER = com.codePath.TwitterAppUITests;
				PRODUCT_NAME = "$(TARGET_NAME)";
				TEST_TARGET_NAME = TwitterApp;
			};
			name = Release;
		};
/* End XCBuildConfiguration section */

/* Begin XCConfigurationList section */
		3B4F117D1D21C9390005CF5E /* Build configuration list for PBXProject "TwitterApp" */ = {
			isa = XCConfigurationList;
			buildConfigurations = (
				3B4F11A81D21C93A0005CF5E /* Debug */,
				3B4F11A91D21C93A0005CF5E /* Release */,
			);
			defaultConfigurationIsVisible = 0;
			defaultConfigurationName = Release;
		};
		3B4F11AA1D21C93A0005CF5E /* Build configuration list for PBXNativeTarget "TwitterApp" */ = {
			isa = XCConfigurationList;
			buildConfigurations = (
				3B4F11AB1D21C93A0005CF5E /* Debug */,
				3B4F11AC1D21C93A0005CF5E /* Release */,
			);
			defaultConfigurationIsVisible = 0;
			defaultConfigurationName = Release;
		};
		3B4F11AD1D21C93A0005CF5E /* Build configuration list for PBXNativeTarget "TwitterAppTests" */ = {
			isa = XCConfigurationList;
			buildConfigurations = (
				3B4F11AE1D21C93A0005CF5E /* Debug */,
				3B4F11AF1D21C93A0005CF5E /* Release */,
			);
			defaultConfigurationIsVisible = 0;
			defaultConfigurationName = Release;
		};
		3B4F11B01D21C93A0005CF5E /* Build configuration list for PBXNativeTarget "TwitterAppUITests" */ = {
			isa = XCConfigurationList;
			buildConfigurations = (
				3B4F11B11D21C93A0005CF5E /* Debug */,
				3B4F11B21D21C93A0005CF5E /* Release */,
			);
			defaultConfigurationIsVisible = 0;
			defaultConfigurationName = Release;
		};
/* End XCConfigurationList section */
	};
	rootObject = 3B4F117A1D21C9390005CF5E /* Project object */;
}
